
Microsoft Visual Studio Solution File, Format Version 12.00
# Visual Studio Version 17
VisualStudioVersion = 17.1.32414.318
MinimumVisualStudioVersion = 10.0.40219.1
Project("{FAE04EC0-301F-11D3-BF4B-00C04F79EFBC}") = "MatrixLib", "MatrixLib.csproj", "{DEEA9E97-01BC-409E-A5BD-31126DD86117}"
EndProject
Project("{FAE04EC0-301F-11D3-BF4B-00C04F79EFBC}") = "unitTestMatrix", "unitTestMatrix\unitTestMatrix.csproj", "{4ED59AD2-C49E-4D6A-83A3-ACFD8C5D4FC7}"
EndProject
Global
	GlobalSection(SolutionConfigurationPlatforms) = preSolution
		Debug|Any CPU = Debug|Any CPU
		Release|Any CPU = Release|Any CPU
	EndGlobalSection
	GlobalSection(ProjectConfigurationPlatforms) = postSolution
		{DEEA9E97-01BC-409E-A5BD-31126DD86117}.Debug|Any CPU.ActiveCfg = Debug|Any CPU
		{DEEA9E97-01BC-409E-A5BD-31126DD86117}.Debug|Any CPU.Build.0 = Debug|Any CPU
		{DEEA9E97-01BC-409E-A5BD-31126DD86117}.Release|Any CPU.ActiveCfg = Release|Any CPU
		{DEEA9E97-01BC-409E-A5BD-31126DD86117}.Release|Any CPU.Build.0 = Release|Any CPU
		{4ED59AD2-C49E-4D6A-83A3-ACFD8C5D4FC7}.Debug|Any CPU.ActiveCfg = Debug|Any CPU
		{4ED59AD2-C49E-4D6A-83A3-ACFD8C5D4FC7}.Debug|Any CPU.Build.0 = Debug|Any CPU
		{4ED59AD2-C49E-4D6A-83A3-ACFD8C5D4FC7}.Release|Any CPU.ActiveCfg = Release|Any CPU
		{4ED59AD2-C49E-4D6A-83A3-ACFD8C5D4FC7}.Release|Any CPU.Build.0 = Release|Any CPU
	EndGlobalSection
	GlobalSection(SolutionProperties) = preSolution
		HideSolutionNode = FALSE
	EndGlobalSection
	GlobalSection(ExtensibilityGlobals) = postSolution
		SolutionGuid = {58D40F54-17E1-429A-A098-73678E954CF6}
	EndGlobalSection
EndGlobal
